
Microsoft Visual Studio Solution File, Format Version 12.00
Project("{FAE04EC0-301F-11D3-BF4B-00C04F79EFBC}") = "Practice", "Practice\Practice.csproj", "{3F58762F-420F-481C-B1C6-8EE1577C7F0C}"
EndProject
Project("{2150E333-8FDC-42A3-9474-1A3956D46DE8}") = "Console", "Console", "{F793C525-D659-4E23-BC66-CDDD68F4709E}"
EndProject
Project("{FAE04EC0-301F-11D3-BF4B-00C04F79EFBC}") = "Practice_OOP", "Practice_OOP\Practice_OOP.csproj", "{3E695EB0-4B8D-43E5-919E-06FDCAB5C245}"
EndProject
Global
	GlobalSection(SolutionConfigurationPlatforms) = preSolution
		Debug|Any CPU = Debug|Any CPU
		Release|Any CPU = Release|Any CPU
	EndGlobalSection
	GlobalSection(ProjectConfigurationPlatforms) = postSolution
		{3F58762F-420F-481C-B1C6-8EE1577C7F0C}.Debug|Any CPU.ActiveCfg = Debug|Any CPU
		{3F58762F-420F-481C-B1C6-8EE1577C7F0C}.Debug|Any CPU.Build.0 = Debug|Any CPU
		{3F58762F-420F-481C-B1C6-8EE1577C7F0C}.Release|Any CPU.ActiveCfg = Release|Any CPU
		{3F58762F-420F-481C-B1C6-8EE1577C7F0C}.Release|Any CPU.Build.0 = Release|Any CPU
		{3E695EB0-4B8D-43E5-919E-06FDCAB5C245}.Debug|Any CPU.ActiveCfg = Debug|Any CPU
		{3E695EB0-4B8D-43E5-919E-06FDCAB5C245}.Debug|Any CPU.Build.0 = Debug|Any CPU
		{3E695EB0-4B8D-43E5-919E-06FDCAB5C245}.Release|Any CPU.ActiveCfg = Release|Any CPU
		{3E695EB0-4B8D-43E5-919E-06FDCAB5C245}.Release|Any CPU.Build.0 = Release|Any CPU
	EndGlobalSection
	GlobalSection(NestedProjects) = preSolution
		{3E695EB0-4B8D-43E5-919E-06FDCAB5C245} = {F793C525-D659-4E23-BC66-CDDD68F4709E}
	EndGlobalSection
EndGlobal
